
Microsoft Visual Studio Solution File, Format Version 12.00
# Visual Studio Version 16
VisualStudioVersion = 16.0.31624.102
MinimumVisualStudioVersion = 10.0.40219.1
Project("{FAE04EC0-301F-11D3-BF4B-00C04F79EFBC}") = "Prodajalna", "Prodajalna\Prodajalna.csproj", "{C6D20ECE-C937-4D52-B017-02D577D3BDA3}"
EndProject
Global
	GlobalSection(SolutionConfigurationPlatforms) = preSolution
		Debug|Any CPU = Debug|Any CPU
		Release|Any CPU = Release|Any CPU
	EndGlobalSection
	GlobalSection(ProjectConfigurationPlatforms) = postSolution
		{C6D20ECE-C937-4D52-B017-02D577D3BDA3}.Debug|Any CPU.ActiveCfg = Debug|Any CPU
		{C6D20ECE-C937-4D52-B017-02D577D3BDA3}.Debug|Any CPU.Build.0 = Debug|Any CPU
		{C6D20ECE-C937-4D52-B017-02D577D3BDA3}.Release|Any CPU.ActiveCfg = Release|Any CPU
		{C6D20ECE-C937-4D52-B017-02D577D3BDA3}.Release|Any CPU.Build.0 = Release|Any CPU
	EndGlobalSection
	GlobalSection(SolutionProperties) = preSolution
		HideSolutionNode = FALSE
	EndGlobalSection
	GlobalSection(ExtensibilityGlobals) = postSolution
		SolutionGuid = {D41316EA-D34A-4669-9978-2958C4A74A58}
	EndGlobalSection
EndGlobal
