
Microsoft Visual Studio Solution File, Format Version 12.00
# Visual Studio Version 16
VisualStudioVersion = 16.0.31624.102
MinimumVisualStudioVersion = 10.0.40219.1
Project("{FAE04EC0-301F-11D3-BF4B-00C04F79EFBC}") = "Vaja 2 Bootstrap", "Vaja 2 Bootstrap\Vaja 2 Bootstrap.csproj", "{5DDBE9A6-DDDB-420B-AE0D-31490874262F}"
EndProject
Global
	GlobalSection(SolutionConfigurationPlatforms) = preSolution
		Debug|Any CPU = Debug|Any CPU
		Release|Any CPU = Release|Any CPU
	EndGlobalSection
	GlobalSection(ProjectConfigurationPlatforms) = postSolution
		{5DDBE9A6-DDDB-420B-AE0D-31490874262F}.Debug|Any CPU.ActiveCfg = Debug|Any CPU
		{5DDBE9A6-DDDB-420B-AE0D-31490874262F}.Debug|Any CPU.Build.0 = Debug|Any CPU
		{5DDBE9A6-DDDB-420B-AE0D-31490874262F}.Release|Any CPU.ActiveCfg = Release|Any CPU
		{5DDBE9A6-DDDB-420B-AE0D-31490874262F}.Release|Any CPU.Build.0 = Release|Any CPU
	EndGlobalSection
	GlobalSection(SolutionProperties) = preSolution
		HideSolutionNode = FALSE
	EndGlobalSection
	GlobalSection(ExtensibilityGlobals) = postSolution
		SolutionGuid = {C490E0F7-66CD-49C2-9731-2CCAD0B64D02}
	EndGlobalSection
EndGlobal
