
Microsoft Visual Studio Solution File, Format Version 12.00
# Visual Studio Version 16
VisualStudioVersion = 16.0.31624.102
MinimumVisualStudioVersion = 10.0.40219.1
Project("{FAE04EC0-301F-11D3-BF4B-00C04F79EFBC}") = "MVC2", "MVC2\MVC2.csproj", "{DCDD6C5A-108F-4D1E-BBD3-C1368394638C}"
EndProject
Global
	GlobalSection(SolutionConfigurationPlatforms) = preSolution
		Debug|Any CPU = Debug|Any CPU
		Release|Any CPU = Release|Any CPU
	EndGlobalSection
	GlobalSection(ProjectConfigurationPlatforms) = postSolution
		{DCDD6C5A-108F-4D1E-BBD3-C1368394638C}.Debug|Any CPU.ActiveCfg = Debug|Any CPU
		{DCDD6C5A-108F-4D1E-BBD3-C1368394638C}.Debug|Any CPU.Build.0 = Debug|Any CPU
		{DCDD6C5A-108F-4D1E-BBD3-C1368394638C}.Release|Any CPU.ActiveCfg = Release|Any CPU
		{DCDD6C5A-108F-4D1E-BBD3-C1368394638C}.Release|Any CPU.Build.0 = Release|Any CPU
	EndGlobalSection
	GlobalSection(SolutionProperties) = preSolution
		HideSolutionNode = FALSE
	EndGlobalSection
	GlobalSection(ExtensibilityGlobals) = postSolution
		SolutionGuid = {68FE88EF-E585-487B-804F-A478C424BB3B}
	EndGlobalSection
EndGlobal
